
Microsoft Visual Studio Solution File, Format Version 12.00
Project("{2150E333-8FDC-42A3-9474-1A3956D46DE8}") = "src", "src", "{C9C19E2A-2A25-49A1-B4B7-A05AE5492C05}"
EndProject
Project("{2150E333-8FDC-42A3-9474-1A3956D46DE8}") = "Core", "Core", "{7A4AA0D4-E114-4FC7-AFE3-2383292DD99C}"
EndProject
Project("{FAE04EC0-301F-11D3-BF4B-00C04F79EFBC}") = "Domain", "src\Core\Domain\Domain.csproj", "{342D7A1E-B14A-4AD0-B678-6975808BCB52}"
EndProject
Project("{FAE04EC0-301F-11D3-BF4B-00C04F79EFBC}") = "Application", "src\Core\Application\Application.csproj", "{B3810D88-D73B-4C63-A5F9-4E34CF83A784}"
EndProject
Project("{2150E333-8FDC-42A3-9474-1A3956D46DE8}") = "Adapters", "Adapters", "{F3413B9E-117A-4AC2-A185-7E4485B74DFA}"
EndProject
Project("{2150E333-8FDC-42A3-9474-1A3956D46DE8}") = "Driving", "Driving", "{36294515-74FD-44B6-8B73-CFC5512B207E}"
EndProject
Project("{FAE04EC0-301F-11D3-BF4B-00C04F79EFBC}") = "API", "src\Adapters\Driving\API\API.csproj", "{34178E3D-918F-48D9-BFF9-5CD2E8793C11}"
EndProject
Project("{2150E333-8FDC-42A3-9474-1A3956D46DE8}") = "Driven", "Driven", "{63A31EB8-3FE2-4F9A-A198-FC412CA13076}"
EndProject
Project("{FAE04EC0-301F-11D3-BF4B-00C04F79EFBC}") = "Infra.Mongo", "src\Adapters\Driven\Infra.Mongo\Infra.Mongo.csproj", "{FE0391DA-F580-4963-9B36-63D9564FFADD}"
EndProject
Project("{2150E333-8FDC-42A3-9474-1A3956D46DE8}") = "tests", "tests", "{D885DE07-50CD-49CE-B16C-A4BE599B4E61}"
EndProject
Project("{FAE04EC0-301F-11D3-BF4B-00C04F79EFBC}") = "Tests", "tests\Tests\Tests.csproj", "{752B1334-B768-4F4D-AD3B-72DC8DC9A720}"
EndProject
Global
	GlobalSection(SolutionConfigurationPlatforms) = preSolution
		Debug|Any CPU = Debug|Any CPU
		Release|Any CPU = Release|Any CPU
	EndGlobalSection
	GlobalSection(ProjectConfigurationPlatforms) = postSolution
		{342D7A1E-B14A-4AD0-B678-6975808BCB52}.Debug|Any CPU.ActiveCfg = Debug|Any CPU
		{342D7A1E-B14A-4AD0-B678-6975808BCB52}.Debug|Any CPU.Build.0 = Debug|Any CPU
		{342D7A1E-B14A-4AD0-B678-6975808BCB52}.Release|Any CPU.ActiveCfg = Release|Any CPU
		{342D7A1E-B14A-4AD0-B678-6975808BCB52}.Release|Any CPU.Build.0 = Release|Any CPU
		{B3810D88-D73B-4C63-A5F9-4E34CF83A784}.Debug|Any CPU.ActiveCfg = Debug|Any CPU
		{B3810D88-D73B-4C63-A5F9-4E34CF83A784}.Debug|Any CPU.Build.0 = Debug|Any CPU
		{B3810D88-D73B-4C63-A5F9-4E34CF83A784}.Release|Any CPU.ActiveCfg = Release|Any CPU
		{B3810D88-D73B-4C63-A5F9-4E34CF83A784}.Release|Any CPU.Build.0 = Release|Any CPU
		{34178E3D-918F-48D9-BFF9-5CD2E8793C11}.Debug|Any CPU.ActiveCfg = Debug|Any CPU
		{34178E3D-918F-48D9-BFF9-5CD2E8793C11}.Debug|Any CPU.Build.0 = Debug|Any CPU
		{34178E3D-918F-48D9-BFF9-5CD2E8793C11}.Release|Any CPU.ActiveCfg = Release|Any CPU
		{34178E3D-918F-48D9-BFF9-5CD2E8793C11}.Release|Any CPU.Build.0 = Release|Any CPU
		{FE0391DA-F580-4963-9B36-63D9564FFADD}.Debug|Any CPU.ActiveCfg = Debug|Any CPU
		{FE0391DA-F580-4963-9B36-63D9564FFADD}.Debug|Any CPU.Build.0 = Debug|Any CPU
		{FE0391DA-F580-4963-9B36-63D9564FFADD}.Release|Any CPU.ActiveCfg = Release|Any CPU
		{FE0391DA-F580-4963-9B36-63D9564FFADD}.Release|Any CPU.Build.0 = Release|Any CPU
		{752B1334-B768-4F4D-AD3B-72DC8DC9A720}.Debug|Any CPU.ActiveCfg = Debug|Any CPU
		{752B1334-B768-4F4D-AD3B-72DC8DC9A720}.Debug|Any CPU.Build.0 = Debug|Any CPU
		{752B1334-B768-4F4D-AD3B-72DC8DC9A720}.Release|Any CPU.ActiveCfg = Release|Any CPU
		{752B1334-B768-4F4D-AD3B-72DC8DC9A720}.Release|Any CPU.Build.0 = Release|Any CPU
	EndGlobalSection
	GlobalSection(NestedProjects) = preSolution
		{7A4AA0D4-E114-4FC7-AFE3-2383292DD99C} = {C9C19E2A-2A25-49A1-B4B7-A05AE5492C05}
		{342D7A1E-B14A-4AD0-B678-6975808BCB52} = {7A4AA0D4-E114-4FC7-AFE3-2383292DD99C}
		{B3810D88-D73B-4C63-A5F9-4E34CF83A784} = {7A4AA0D4-E114-4FC7-AFE3-2383292DD99C}
		{F3413B9E-117A-4AC2-A185-7E4485B74DFA} = {C9C19E2A-2A25-49A1-B4B7-A05AE5492C05}
		{36294515-74FD-44B6-8B73-CFC5512B207E} = {F3413B9E-117A-4AC2-A185-7E4485B74DFA}
		{34178E3D-918F-48D9-BFF9-5CD2E8793C11} = {36294515-74FD-44B6-8B73-CFC5512B207E}
		{63A31EB8-3FE2-4F9A-A198-FC412CA13076} = {F3413B9E-117A-4AC2-A185-7E4485B74DFA}
		{FE0391DA-F580-4963-9B36-63D9564FFADD} = {63A31EB8-3FE2-4F9A-A198-FC412CA13076}
		{752B1334-B768-4F4D-AD3B-72DC8DC9A720} = {D885DE07-50CD-49CE-B16C-A4BE599B4E61}
	EndGlobalSection
EndGlobal
